// !$*UTF8*$!
{
	archiveVersion = 1;
	classes = {
	};
	objectVersion = 46;
	objects = {

/* Begin PBXBuildFile section */
		423FC4C71E9125B0009E1008 /* AppDelegate.swift in Sources */ = {isa = PBXBuildFile; fileRef = 423FC4C61E9125B0009E1008 /* AppDelegate.swift */; };
		423FC4C91E9125B0009E1008 /* ViewController.swift in Sources */ = {isa = PBXBuildFile; fileRef = 423FC4C81E9125B0009E1008 /* ViewController.swift */; };
		423FC4CC1E9125B0009E1008 /* Main.storyboard in Resources */ = {isa = PBXBuildFile; fileRef = 423FC4CA1E9125B0009E1008 /* Main.storyboard */; };
		423FC4CE1E9125B0009E1008 /* Assets.xcassets in Resources */ = {isa = PBXBuildFile; fileRef = 423FC4CD1E9125B0009E1008 /* Assets.xcassets */; };
		423FC4D11E9125B0009E1008 /* LaunchScreen.storyboard in Resources */ = {isa = PBXBuildFile; fileRef = 423FC4CF1E9125B0009E1008 /* LaunchScreen.storyboard */; };
		428B2EE01FA0548500EC486F /* DarkSwift.framework in CopyFiles */ = {isa = PBXBuildFile; fileRef = 428B2EDA1FA0546800EC486F /* DarkSwift.framework */; settings = {ATTRIBUTES = (CodeSignOnCopy, RemoveHeadersOnCopy, ); }; };
		42F23AE81FB2DDB100CBA016 /* pic@2x.png in Resources */ = {isa = PBXBuildFile; fileRef = 42F23AE41FB2DDB100CBA016 /* pic@2x.png */; };
		42F23AEA1FB2DE7900CBA016 /* lut_path_country.png in Resources */ = {isa = PBXBuildFile; fileRef = 42F23AE91FB2DE7900CBA016 /* lut_path_country.png */; };
/* End PBXBuildFile section */

/* Begin PBXContainerItemProxy section */
		428B2ED91FA0546800EC486F /* PBXContainerItemProxy */ = {
			isa = PBXContainerItemProxy;
			containerPortal = 428B2ED31FA0546700EC486F /* DarkSwift.xcodeproj */;
			proxyType = 2;
			remoteGlobalIDString = 42CE79C21E8DEB3A00834C18;
			remoteInfo = DarkSwift;
		};
		428B2EDB1FA0546800EC486F /* PBXContainerItemProxy */ = {
			isa = PBXContainerItemProxy;
			containerPortal = 428B2ED31FA0546700EC486F /* DarkSwift.xcodeproj */;
			proxyType = 2;
			remoteGlobalIDString = 42CE79CB1E8DEB3A00834C18;
			remoteInfo = DarkSwiftTests;
		};
		428B2EDD1FA0546800EC486F /* PBXContainerItemProxy */ = {
			isa = PBXContainerItemProxy;
			containerPortal = 428B2ED31FA0546700EC486F /* DarkSwift.xcodeproj */;
			proxyType = 2;
			remoteGlobalIDString = 42CE79E21E8DF0EE00834C18;
			remoteInfo = CommonCrypto;
		};
/* End PBXContainerItemProxy section */

/* Begin PBXCopyFilesBuildPhase section */
		428B2EDF1FA0547A00EC486F /* CopyFiles */ = {
			isa = PBXCopyFilesBuildPhase;
			buildActionMask = 2147483647;
			dstPath = "";
			dstSubfolderSpec = 10;
			files = (
				428B2EE01FA0548500EC486F /* DarkSwift.framework in CopyFiles */,
			);
			runOnlyForDeploymentPostprocessing = 0;
		};
/* End PBXCopyFilesBuildPhase section */

/* Begin PBXFileReference section */
		423FC4C31E9125B0009E1008 /* Example.app */ = {isa = PBXFileReference; explicitFileType = wrapper.application; includeInIndex = 0; path = Example.app; sourceTree = BUILT_PRODUCTS_DIR; };
		423FC4C61E9125B0009E1008 /* AppDelegate.swift */ = {isa = PBXFileReference; lastKnownFileType = sourcecode.swift; path = AppDelegate.swift; sourceTree = "<group>"; };
		423FC4C81E9125B0009E1008 /* ViewController.swift */ = {isa = PBXFileReference; lastKnownFileType = sourcecode.swift; path = ViewController.swift; sourceTree = "<group>"; };
		423FC4CB1E9125B0009E1008 /* Base */ = {isa = PBXFileReference; lastKnownFileType = file.storyboard; name = Base; path = Base.lproj/Main.storyboard; sourceTree = "<group>"; };
		423FC4CD1E9125B0009E1008 /* Assets.xcassets */ = {isa = PBXFileReference; lastKnownFileType = folder.assetcatalog; path = Assets.xcassets; sourceTree = "<group>"; };
		423FC4D01E9125B0009E1008 /* Base */ = {isa = PBXFileReference; lastKnownFileType = file.storyboard; name = Base; path = Base.lproj/LaunchScreen.storyboard; sourceTree = "<group>"; };
		423FC4D21E9125B0009E1008 /* Info.plist */ = {isa = PBXFileReference; lastKnownFileType = text.plist.xml; path = Info.plist; sourceTree = "<group>"; };
		428B2ED31FA0546700EC486F /* DarkSwift.xcodeproj */ = {isa = PBXFileReference; lastKnownFileType = "wrapper.pb-project"; name = DarkSwift.xcodeproj; path = ../DarkSwift.xcodeproj; sourceTree = "<group>"; };
		42F23AE41FB2DDB100CBA016 /* pic@2x.png */ = {isa = PBXFileReference; lastKnownFileType = image.png; path = "pic@2x.png"; sourceTree = "<group>"; };
		42F23AE91FB2DE7900CBA016 /* lut_path_country.png */ = {isa = PBXFileReference; lastKnownFileType = image.png; path = lut_path_country.png; sourceTree = "<group>"; };
/* End PBXFileReference section */

/* Begin PBXFrameworksBuildPhase section */
		423FC4C01E9125B0009E1008 /* Frameworks */ = {
			isa = PBXFrameworksBuildPhase;
			buildActionMask = 2147483647;
			files = (
			);
			runOnlyForDeploymentPostprocessing = 0;
		};
/* End PBXFrameworksBuildPhase section */

/* Begin PBXGroup section */
		423FC4BA1E9125B0009E1008 = {
			isa = PBXGroup;
			children = (
				423FC4C51E9125B0009E1008 /* Example */,
				423FC4C41E9125B0009E1008 /* Products */,
				423FC4D81E912738009E1008 /* Frameworks */,
			);
			sourceTree = "<group>";
		};
		423FC4C41E9125B0009E1008 /* Products */ = {
			isa = PBXGroup;
			children = (
				423FC4C31E9125B0009E1008 /* Example.app */,
			);
			name = Products;
			sourceTree = "<group>";
		};
		423FC4C51E9125B0009E1008 /* Example */ = {
			isa = PBXGroup;
			children = (
				42F23AE41FB2DDB100CBA016 /* pic@2x.png */,
				42F23AE91FB2DE7900CBA016 /* lut_path_country.png */,
				423FC4C61E9125B0009E1008 /* AppDelegate.swift */,
				423FC4C81E9125B0009E1008 /* ViewController.swift */,
				423FC4CA1E9125B0009E1008 /* Main.storyboard */,
				423FC4CD1E9125B0009E1008 /* Assets.xcassets */,
				423FC4CF1E9125B0009E1008 /* LaunchScreen.storyboard */,
				423FC4D21E9125B0009E1008 /* Info.plist */,
			);
			path = Example;
			sourceTree = "<group>";
		};
		423FC4D81E912738009E1008 /* Frameworks */ = {
			isa = PBXGroup;
			children = (
				428B2ED31FA0546700EC486F /* DarkSwift.xcodeproj */,
			);
			name = Frameworks;
			sourceTree = "<group>";
		};
		428B2ED41FA0546700EC486F /* Products */ = {
			isa = PBXGroup;
			children = (
				428B2EDA1FA0546800EC486F /* DarkSwift.framework */,
				428B2EDC1FA0546800EC486F /* DarkSwiftTests.xctest */,
				428B2EDE1FA0546800EC486F /* CommonCrypto.framework */,
			);
			name = Products;
			sourceTree = "<group>";
		};
/* End PBXGroup section */

/* Begin PBXNativeTarget section */
		423FC4C21E9125B0009E1008 /* Example */ = {
			isa = PBXNativeTarget;
			buildConfigurationList = 423FC4D51E9125B0009E1008 /* Build configuration list for PBXNativeTarget "Example" */;
			buildPhases = (
				423FC4BF1E9125B0009E1008 /* Sources */,
				423FC4C01E9125B0009E1008 /* Frameworks */,
				423FC4C11E9125B0009E1008 /* Resources */,
				428B2EDF1FA0547A00EC486F /* CopyFiles */,
			);
			buildRules = (
			);
			dependencies = (
			);
			name = Example;
			productName = Example;
			productReference = 423FC4C31E9125B0009E1008 /* Example.app */;
			productType = "com.apple.product-type.application";
		};
/* End PBXNativeTarget section */

/* Begin PBXProject section */
		423FC4BB1E9125B0009E1008 /* Project object */ = {
			isa = PBXProject;
			attributes = {
				LastSwiftUpdateCheck = 0830;
				LastUpgradeCheck = 0900;
				ORGANIZATIONNAME = "Dark Dong";
				TargetAttributes = {
					423FC4C21E9125B0009E1008 = {
						CreatedOnToolsVersion = 8.3;
						DevelopmentTeam = 3GTN6932FQ;
						LastSwiftMigration = 0900;
						ProvisioningStyle = Automatic;
					};
				};
			};
			buildConfigurationList = 423FC4BE1E9125B0009E1008 /* Build configuration list for PBXProject "Example" */;
			compatibilityVersion = "Xcode 3.2";
			developmentRegion = English;
			hasScannedForEncodings = 0;
			knownRegions = (
				en,
				Base,
			);
			mainGroup = 423FC4BA1E9125B0009E1008;
			productRefGroup = 423FC4C41E9125B0009E1008 /* Products */;
			projectDirPath = "";
			projectReferences = (
				{
					ProductGroup = 428B2ED41FA0546700EC486F /* Products */;
					ProjectRef = 428B2ED31FA0546700EC486F /* DarkSwift.xcodeproj */;
				},
			);
			projectRoot = "";
			targets = (
				423FC4C21E9125B0009E1008 /* Example */,
			);
		};
/* End PBXProject section */

/* Begin PBXReferenceProxy section */
		428B2EDA1FA0546800EC486F /* DarkSwift.framework */ = {
			isa = PBXReferenceProxy;
			fileType = wrapper.framework;
			path = DarkSwift.framework;
			remoteRef = 428B2ED91FA0546800EC486F /* PBXContainerItemProxy */;
			sourceTree = BUILT_PRODUCTS_DIR;
		};
		428B2EDC1FA0546800EC486F /* DarkSwiftTests.xctest */ = {
			isa = PBXReferenceProxy;
			fileType = wrapper.cfbundle;
			path = DarkSwiftTests.xctest;
			remoteRef = 428B2EDB1FA0546800EC486F /* PBXContainerItemProxy */;
			sourceTree = BUILT_PRODUCTS_DIR;
		};
		428B2EDE1FA0546800EC486F /* CommonCrypto.framework */ = {
			isa = PBXReferenceProxy;
			fileType = wrapper.framework;
			path = CommonCrypto.framework;
			remoteRef = 428B2EDD1FA0546800EC486F /* PBXContainerItemProxy */;
			sourceTree = BUILT_PRODUCTS_DIR;
		};
/* End PBXReferenceProxy section */

/* Begin PBXResourcesBuildPhase section */
		423FC4C11E9125B0009E1008 /* Resources */ = {
			isa = PBXResourcesBuildPhase;
			buildActionMask = 2147483647;
			files = (
				423FC4D11E9125B0009E1008 /* LaunchScreen.storyboard in Resources */,
				423FC4CE1E9125B0009E1008 /* Assets.xcassets in Resources */,
				423FC4CC1E9125B0009E1008 /* Main.storyboard in Resources */,
				42F23AEA1FB2DE7900CBA016 /* lut_path_country.png in Resources */,
				42F23AE81FB2DDB100CBA016 /* pic@2x.png in Resources */,
			);
			runOnlyForDeploymentPostprocessing = 0;
		};
/* End PBXResourcesBuildPhase section */

/* Begin PBXSourcesBuildPhase section */
		423FC4BF1E9125B0009E1008 /* Sources */ = {
			isa = PBXSourcesBuildPhase;
			buildActionMask = 2147483647;
			files = (
				423FC4C91E9125B0009E1008 /* ViewController.swift in Sources */,
				423FC4C71E9125B0009E1008 /* AppDelegate.swift in Sources */,
			);
			runOnlyForDeploymentPostprocessing = 0;
		};
/* End PBXSourcesBuildPhase section */

/* Begin PBXVariantGroup section */
		423FC4CA1E9125B0009E1008 /* Main.storyboard */ = {
			isa = PBXVariantGroup;
			children = (
				423FC4CB1E9125B0009E1008 /* Base */,
			);
			name = Main.storyboard;
			sourceTree = "<group>";
		};
		423FC4CF1E9125B0009E1008 /* LaunchScreen.storyboard */ = {
			isa = PBXVariantGroup;
			children = (
				423FC4D01E9125B0009E1008 /* Base */,
			);
			name = LaunchScreen.storyboard;
			sourceTree = "<group>";
		};
/* End PBXVariantGroup section */

/* Begin XCBuildConfiguration section */
		423FC4D31E9125B0009E1008 /* Debug */ = {
			isa = XCBuildConfiguration;
			buildSettings = {
				ALWAYS_SEARCH_USER_PATHS = NO;
				CLANG_ANALYZER_NONNULL = YES;
				CLANG_ANALYZER_NUMBER_OBJECT_CONVERSION = YES_AGGRESSIVE;
				CLANG_CXX_LANGUAGE_STANDARD = "gnu++0x";
				CLANG_CXX_LIBRARY = "libc++";
				CLANG_ENABLE_MODULES = YES;
				CLANG_ENABLE_OBJC_ARC = YES;
				CLANG_WARN_BLOCK_CAPTURE_AUTORELEASING = YES;
				CLANG_WARN_BOOL_CONVERSION = YES;
				CLANG_WARN_COMMA = YES;
				CLANG_WARN_CONSTANT_CONVERSION = YES;
				CLANG_WARN_DIRECT_OBJC_ISA_USAGE = YES_ERROR;
				CLANG_WARN_DOCUMENTATION_COMMENTS = YES;
				CLANG_WARN_EMPTY_BODY = YES;
				CLANG_WARN_ENUM_CONVERSION = YES;
				CLANG_WARN_INFINITE_RECURSION = YES;
				CLANG_WARN_INT_CONVERSION = YES;
				CLANG_WARN_NON_LITERAL_NULL_CONVERSION = YES;
				CLANG_WARN_OBJC_LITERAL_CONVERSION = YES;
				CLANG_WARN_OBJC_ROOT_CLASS = YES_ERROR;
				CLANG_WARN_RANGE_LOOP_ANALYSIS = YES;
				CLANG_WARN_STRICT_PROTOTYPES = YES;
				CLANG_WARN_SUSPICIOUS_MOVE = YES;
				CLANG_WARN_UNREACHABLE_CODE = YES;
				CLANG_WARN__DUPLICATE_METHOD_MATCH = YES;
				"CODE_SIGN_IDENTITY[sdk=iphoneos*]" = "iPhone Developer";
				COPY_PHASE_STRIP = NO;
				DEBUG_INFORMATION_FORMAT = dwarf;
				ENABLE_STRICT_OBJC_MSGSEND = YES;
				ENABLE_TESTABILITY = YES;
				GCC_C_LANGUAGE_STANDARD = gnu99;
				GCC_DYNAMIC_NO_PIC = NO;
				GCC_NO_COMMON_BLOCKS = YES;
				GCC_OPTIMIZATION_LEVEL = 0;
				GCC_PREPROCESSOR_DEFINITIONS = (
					"DEBUG=1",
					"$(inherited)",
				);
				GCC_WARN_64_TO_32_BIT_CONVERSION = YES;
				GCC_WARN_ABOUT_RETURN_TYPE = YES_ERROR;
				GCC_WARN_UNDECLARED_SELECTOR = YES;
				GCC_WARN_UNINITIALIZED_AUTOS = YES_AGGRESSIVE;
				GCC_WARN_UNUSED_FUNCTION = YES;
				GCC_WARN_UNUSED_VARIABLE = YES;
				IPHONEOS_DEPLOYMENT_TARGET = 9.0;
				MTL_ENABLE_DEBUG_INFO = YES;
				ONLY_ACTIVE_ARCH = YES;
				SDKROOT = iphoneos;
				SWIFT_ACTIVE_COMPILATION_CONDITIONS = DEBUG;
				SWIFT_OPTIMIZATION_LEVEL = "-Onone";
				TARGETED_DEVICE_FAMILY = "1,2";
			};
			name = Debug;
		};
		423FC4D41E9125B0009E1008 /* Release */ = {
			isa = XCBuildConfiguration;
			buildSettings = {
				ALWAYS_SEARCH_USER_PATHS = NO;
				CLANG_ANALYZER_NONNULL = YES;
				CLANG_ANALYZER_NUMBER_OBJECT_CONVERSION = YES_AGGRESSIVE;
				CLANG_CXX_LANGUAGE_STANDARD = "gnu++0x";
				CLANG_CXX_LIBRARY = "libc++";
				CLANG_ENABLE_MODULES = YES;
				CLANG_ENABLE_OBJC_ARC = YES;
				CLANG_WARN_BLOCK_CAPTURE_AUTORELEASING = YES;
				CLANG_WARN_BOOL_CONVERSION = YES;
				CLANG_WARN_COMMA = YES;
				CLANG_WARN_CONSTANT_CONVERSION = YES;
				CLANG_WARN_DIRECT_OBJC_ISA_USAGE = YES_ERROR;
				CLANG_WARN_DOCUMENTATION_COMMENTS = YES;
				CLANG_WARN_EMPTY_BODY = YES;
				CLANG_WARN_ENUM_CONVERSION = YES;
				CLANG_WARN_INFINITE_RECURSION = YES;
				CLANG_WARN_INT_CONVERSION = YES;
				CLANG_WARN_NON_LITERAL_NULL_CONVERSION = YES;
				CLANG_WARN_OBJC_LITERAL_CONVERSION = YES;
				CLANG_WARN_OBJC_ROOT_CLASS = YES_ERROR;
				CLANG_WARN_RANGE_LOOP_ANALYSIS = YES;
				CLANG_WARN_STRICT_PROTOTYPES = YES;
				CLANG_WARN_SUSPICIOUS_MOVE = YES;
				CLANG_WARN_UNREACHABLE_CODE = YES;
				CLANG_WARN__DUPLICATE_METHOD_MATCH = YES;
				"CODE_SIGN_IDENTITY[sdk=iphoneos*]" = "iPhone Developer";
				COPY_PHASE_STRIP = NO;
				DEBUG_INFORMATION_FORMAT = "dwarf-with-dsym";
				ENABLE_NS_ASSERTIONS = NO;
				ENABLE_STRICT_OBJC_MSGSEND = YES;
				GCC_C_LANGUAGE_STANDARD = gnu99;
				GCC_NO_COMMON_BLOCKS = YES;
				GCC_WARN_64_TO_32_BIT_CONVERSION = YES;
				GCC_WARN_ABOUT_RETURN_TYPE = YES_ERROR;
				GCC_WARN_UNDECLARED_SELECTOR = YES;
				GCC_WARN_UNINITIALIZED_AUTOS = YES_AGGRESSIVE;
				GCC_WARN_UNUSED_FUNCTION = YES;
				GCC_WARN_UNUSED_VARIABLE = YES;
				IPHONEOS_DEPLOYMENT_TARGET = 9.0;
				MTL_ENABLE_DEBUG_INFO = NO;
				SDKROOT = iphoneos;
				SWIFT_OPTIMIZATION_LEVEL = "-Owholemodule";
				TARGETED_DEVICE_FAMILY = "1,2";
				VALIDATE_PRODUCT = YES;
			};
			name = Release;
		};
		423FC4D61E9125B0009E1008 /* Debug */ = {
			isa = XCBuildConfiguration;
			buildSettings = {
				ASSETCATALOG_COMPILER_APPICON_NAME = AppIcon;
				DEVELOPMENT_TEAM = 3GTN6932FQ;
				INFOPLIST_FILE = Example/Info.plist;
				IPHONEOS_DEPLOYMENT_TARGET = 9.0;
				LD_RUNPATH_SEARCH_PATHS = "$(inherited) @executable_path/Frameworks";
				PRODUCT_BUNDLE_IDENTIFIER = com.darkdong.DarkSwift.Example;
				PRODUCT_NAME = "$(TARGET_NAME)";
				SWIFT_SWIFT3_OBJC_INFERENCE = On;
				SWIFT_VERSION = 4.0;
			};
			name = Debug;
		};
		423FC4D71E9125B0009E1008 /* Release */ = {
			isa = XCBuildConfiguration;
			buildSettings = {
				ASSETCATALOG_COMPILER_APPICON_NAME = AppIcon;
				DEVELOPMENT_TEAM = 3GTN6932FQ;
				INFOPLIST_FILE = Example/Info.plist;
				IPHONEOS_DEPLOYMENT_TARGET = 9.0;
				LD_RUNPATH_SEARCH_PATHS = "$(inherited) @executable_path/Frameworks";
				PRODUCT_BUNDLE_IDENTIFIER = com.darkdong.DarkSwift.Example;
				PRODUCT_NAME = "$(TARGET_NAME)";
				SWIFT_SWIFT3_OBJC_INFERENCE = On;
				SWIFT_VERSION = 4.0;
			};
			name = Release;
		};
/* End XCBuildConfiguration section */

/* Begin XCConfigurationList section */
		423FC4BE1E9125B0009E1008 /* Build configuration list for PBXProject "Example" */ = {
			isa = XCConfigurationList;
			buildConfigurations = (
				423FC4D31E9125B0009E1008 /* Debug */,
				423FC4D41E9125B0009E1008 /* Release */,
			);
			defaultConfigurationIsVisible = 0;
			defaultConfigurationName = Release;
		};
		423FC4D51E9125B0009E1008 /* Build configuration list for PBXNativeTarget "Example" */ = {
			isa = XCConfigurationList;
			buildConfigurations = (
				423FC4D61E9125B0009E1008 /* Debug */,
				423FC4D71E9125B0009E1008 /* Release */,
			);
			defaultConfigurationIsVisible = 0;
			defaultConfigurationName = Release;
		};
/* End XCConfigurationList section */
	};
	rootObject = 423FC4BB1E9125B0009E1008 /* Project object */;
}
