// !$*UTF8*$!
{
	archiveVersion = 1;
	classes = {
	};
	objectVersion = 46;
	objects = {

/* Begin PBXBuildFile section */
		421BDDA11F1F9B30003976B7 /* Bundle.swift in Sources */ = {isa = PBXBuildFile; fileRef = 421BDDA01F1F9B30003976B7 /* Bundle.swift */; };
		421BDDA31F1F9D5A003976B7 /* MultiContentButton.swift in Sources */ = {isa = PBXBuildFile; fileRef = 421BDDA21F1F9D5A003976B7 /* MultiContentButton.swift */; };
		42256D4C1F16FFED0043BD5A /* CALayer.swift in Sources */ = {isa = PBXBuildFile; fileRef = 42256D3E1F16FFED0043BD5A /* CALayer.swift */; };
		42256D4D1F16FFED0043BD5A /* Collection.swift in Sources */ = {isa = PBXBuildFile; fileRef = 42256D3F1F16FFED0043BD5A /* Collection.swift */; };
		42256D4E1F16FFED0043BD5A /* CoreGraphics.swift in Sources */ = {isa = PBXBuildFile; fileRef = 42256D401F16FFED0043BD5A /* CoreGraphics.swift */; };
		42256D4F1F16FFED0043BD5A /* Data.swift in Sources */ = {isa = PBXBuildFile; fileRef = 42256D411F16FFED0043BD5A /* Data.swift */; };
		42256D501F16FFED0043BD5A /* NSObject.swift in Sources */ = {isa = PBXBuildFile; fileRef = 42256D421F16FFED0043BD5A /* NSObject.swift */; };
		42256D511F16FFED0043BD5A /* SKNode.swift in Sources */ = {isa = PBXBuildFile; fileRef = 42256D431F16FFED0043BD5A /* SKNode.swift */; };
		42256D521F16FFED0043BD5A /* String.swift in Sources */ = {isa = PBXBuildFile; fileRef = 42256D441F16FFED0043BD5A /* String.swift */; };
		42256D531F16FFED0043BD5A /* UIButton.swift in Sources */ = {isa = PBXBuildFile; fileRef = 42256D451F16FFED0043BD5A /* UIButton.swift */; };
		42256D541F16FFED0043BD5A /* UIColor.swift in Sources */ = {isa = PBXBuildFile; fileRef = 42256D461F16FFED0043BD5A /* UIColor.swift */; };
		42256D551F16FFED0043BD5A /* UIImage.swift in Sources */ = {isa = PBXBuildFile; fileRef = 42256D471F16FFED0043BD5A /* UIImage.swift */; };
		42256D561F16FFED0043BD5A /* UINavigationController.swift in Sources */ = {isa = PBXBuildFile; fileRef = 42256D481F16FFED0043BD5A /* UINavigationController.swift */; };
		42256D571F16FFED0043BD5A /* UIView.swift in Sources */ = {isa = PBXBuildFile; fileRef = 42256D491F16FFED0043BD5A /* UIView.swift */; };
		42256D581F16FFED0043BD5A /* URL.swift in Sources */ = {isa = PBXBuildFile; fileRef = 42256D4A1F16FFED0043BD5A /* URL.swift */; };
		42256D5A1F1700000043BD5A /* TransitionViewController.swift in Sources */ = {isa = PBXBuildFile; fileRef = 42256D591F1700000043BD5A /* TransitionViewController.swift */; };
		423FC4B61E908CEF009E1008 /* Layout.swift in Sources */ = {isa = PBXBuildFile; fileRef = 423FC4B51E908CEF009E1008 /* Layout.swift */; };
		4295CC011F25F08B005238CE /* UINavigationBar.swift in Sources */ = {isa = PBXBuildFile; fileRef = 4295CC001F25F08B005238CE /* UINavigationBar.swift */; };
		42C225841F11C91E002AC779 /* Selectable.swift in Sources */ = {isa = PBXBuildFile; fileRef = 42C225831F11C91E002AC779 /* Selectable.swift */; };
		42CE79CC1E8DEB3A00834C18 /* DarkSwift.framework in Frameworks */ = {isa = PBXBuildFile; fileRef = 42CE79C21E8DEB3A00834C18 /* DarkSwift.framework */; };
		42CE79D11E8DEB3A00834C18 /* DarkSwiftTests.swift in Sources */ = {isa = PBXBuildFile; fileRef = 42CE79D01E8DEB3A00834C18 /* DarkSwiftTests.swift */; };
		42CE79D31E8DEB3A00834C18 /* DarkSwift.h in Headers */ = {isa = PBXBuildFile; fileRef = 42CE79C51E8DEB3A00834C18 /* DarkSwift.h */; settings = {ATTRIBUTES = (Public, ); }; };
		42CE79E61E8DF0EE00834C18 /* CommonCrypto.h in Headers */ = {isa = PBXBuildFile; fileRef = 42CE79E41E8DF0EE00834C18 /* CommonCrypto.h */; settings = {ATTRIBUTES = (Public, ); }; };
		42CE79FE1E8DFB2E00834C18 /* Screen.swift in Sources */ = {isa = PBXBuildFile; fileRef = 42CE79FD1E8DFB2E00834C18 /* Screen.swift */; };
		42CE7A011E8DFED300834C18 /* Logger.swift in Sources */ = {isa = PBXBuildFile; fileRef = 42CE79FF1E8DFED300834C18 /* Logger.swift */; };
		42DB4BDF1E9C6BBE00243EC4 /* Math.swift in Sources */ = {isa = PBXBuildFile; fileRef = 42DB4BDE1E9C6BBE00243EC4 /* Math.swift */; };
		42F43DC41E926BAE00F30C95 /* System.swift in Sources */ = {isa = PBXBuildFile; fileRef = 42F43DC31E926BAE00F30C95 /* System.swift */; };
/* End PBXBuildFile section */

/* Begin PBXContainerItemProxy section */
		42CE79CD1E8DEB3A00834C18 /* PBXContainerItemProxy */ = {
			isa = PBXContainerItemProxy;
			containerPortal = 42CE79B91E8DEB3A00834C18 /* Project object */;
			proxyType = 1;
			remoteGlobalIDString = 42CE79C11E8DEB3A00834C18;
			remoteInfo = DarkSwift;
		};
		42CE79ED1E8DF39900834C18 /* PBXContainerItemProxy */ = {
			isa = PBXContainerItemProxy;
			containerPortal = 42CE79B91E8DEB3A00834C18 /* Project object */;
			proxyType = 1;
			remoteGlobalIDString = 42CE79E11E8DF0EE00834C18;
			remoteInfo = CommonCrypto;
		};
/* End PBXContainerItemProxy section */

/* Begin PBXFileReference section */
		421BDDA01F1F9B30003976B7 /* Bundle.swift */ = {isa = PBXFileReference; fileEncoding = 4; lastKnownFileType = sourcecode.swift; path = Bundle.swift; sourceTree = "<group>"; };
		421BDDA21F1F9D5A003976B7 /* MultiContentButton.swift */ = {isa = PBXFileReference; fileEncoding = 4; lastKnownFileType = sourcecode.swift; path = MultiContentButton.swift; sourceTree = "<group>"; };
		42256D3E1F16FFED0043BD5A /* CALayer.swift */ = {isa = PBXFileReference; fileEncoding = 4; lastKnownFileType = sourcecode.swift; path = CALayer.swift; sourceTree = "<group>"; };
		42256D3F1F16FFED0043BD5A /* Collection.swift */ = {isa = PBXFileReference; fileEncoding = 4; lastKnownFileType = sourcecode.swift; path = Collection.swift; sourceTree = "<group>"; };
		42256D401F16FFED0043BD5A /* CoreGraphics.swift */ = {isa = PBXFileReference; fileEncoding = 4; lastKnownFileType = sourcecode.swift; path = CoreGraphics.swift; sourceTree = "<group>"; };
		42256D411F16FFED0043BD5A /* Data.swift */ = {isa = PBXFileReference; fileEncoding = 4; lastKnownFileType = sourcecode.swift; path = Data.swift; sourceTree = "<group>"; };
		42256D421F16FFED0043BD5A /* NSObject.swift */ = {isa = PBXFileReference; fileEncoding = 4; lastKnownFileType = sourcecode.swift; path = NSObject.swift; sourceTree = "<group>"; };
		42256D431F16FFED0043BD5A /* SKNode.swift */ = {isa = PBXFileReference; fileEncoding = 4; lastKnownFileType = sourcecode.swift; path = SKNode.swift; sourceTree = "<group>"; };
		42256D441F16FFED0043BD5A /* String.swift */ = {isa = PBXFileReference; fileEncoding = 4; lastKnownFileType = sourcecode.swift; path = String.swift; sourceTree = "<group>"; };
		42256D451F16FFED0043BD5A /* UIButton.swift */ = {isa = PBXFileReference; fileEncoding = 4; lastKnownFileType = sourcecode.swift; path = UIButton.swift; sourceTree = "<group>"; };
		42256D461F16FFED0043BD5A /* UIColor.swift */ = {isa = PBXFileReference; fileEncoding = 4; lastKnownFileType = sourcecode.swift; path = UIColor.swift; sourceTree = "<group>"; };
		42256D471F16FFED0043BD5A /* UIImage.swift */ = {isa = PBXFileReference; fileEncoding = 4; lastKnownFileType = sourcecode.swift; path = UIImage.swift; sourceTree = "<group>"; };
		42256D481F16FFED0043BD5A /* UINavigationController.swift */ = {isa = PBXFileReference; fileEncoding = 4; lastKnownFileType = sourcecode.swift; path = UINavigationController.swift; sourceTree = "<group>"; };
		42256D491F16FFED0043BD5A /* UIView.swift */ = {isa = PBXFileReference; fileEncoding = 4; lastKnownFileType = sourcecode.swift; path = UIView.swift; sourceTree = "<group>"; };
		42256D4A1F16FFED0043BD5A /* URL.swift */ = {isa = PBXFileReference; fileEncoding = 4; lastKnownFileType = sourcecode.swift; path = URL.swift; sourceTree = "<group>"; };
		42256D591F1700000043BD5A /* TransitionViewController.swift */ = {isa = PBXFileReference; fileEncoding = 4; lastKnownFileType = sourcecode.swift; path = TransitionViewController.swift; sourceTree = "<group>"; };
		423FC4B51E908CEF009E1008 /* Layout.swift */ = {isa = PBXFileReference; fileEncoding = 4; lastKnownFileType = sourcecode.swift; path = Layout.swift; sourceTree = "<group>"; };
		4295CC001F25F08B005238CE /* UINavigationBar.swift */ = {isa = PBXFileReference; fileEncoding = 4; lastKnownFileType = sourcecode.swift; path = UINavigationBar.swift; sourceTree = "<group>"; };
		42C225831F11C91E002AC779 /* Selectable.swift */ = {isa = PBXFileReference; fileEncoding = 4; lastKnownFileType = sourcecode.swift; path = Selectable.swift; sourceTree = "<group>"; };
		42CE79C21E8DEB3A00834C18 /* DarkSwift.framework */ = {isa = PBXFileReference; explicitFileType = wrapper.framework; includeInIndex = 0; path = DarkSwift.framework; sourceTree = BUILT_PRODUCTS_DIR; };
		42CE79C51E8DEB3A00834C18 /* DarkSwift.h */ = {isa = PBXFileReference; lastKnownFileType = sourcecode.c.h; path = DarkSwift.h; sourceTree = "<group>"; };
		42CE79C61E8DEB3A00834C18 /* Info.plist */ = {isa = PBXFileReference; lastKnownFileType = text.plist.xml; path = Info.plist; sourceTree = "<group>"; };
		42CE79CB1E8DEB3A00834C18 /* DarkSwiftTests.xctest */ = {isa = PBXFileReference; explicitFileType = wrapper.cfbundle; includeInIndex = 0; path = DarkSwiftTests.xctest; sourceTree = BUILT_PRODUCTS_DIR; };
		42CE79D01E8DEB3A00834C18 /* DarkSwiftTests.swift */ = {isa = PBXFileReference; lastKnownFileType = sourcecode.swift; path = DarkSwiftTests.swift; sourceTree = "<group>"; };
		42CE79D21E8DEB3A00834C18 /* Info.plist */ = {isa = PBXFileReference; lastKnownFileType = text.plist.xml; path = Info.plist; sourceTree = "<group>"; };
		42CE79E21E8DF0EE00834C18 /* CommonCrypto.framework */ = {isa = PBXFileReference; explicitFileType = wrapper.framework; includeInIndex = 0; path = CommonCrypto.framework; sourceTree = BUILT_PRODUCTS_DIR; };
		42CE79E41E8DF0EE00834C18 /* CommonCrypto.h */ = {isa = PBXFileReference; lastKnownFileType = sourcecode.c.h; path = CommonCrypto.h; sourceTree = "<group>"; };
		42CE79E51E8DF0EE00834C18 /* Info.plist */ = {isa = PBXFileReference; lastKnownFileType = text.plist.xml; path = Info.plist; sourceTree = "<group>"; };
		42CE79EA1E8DF2E600834C18 /* CommonCrypto.xcconfig */ = {isa = PBXFileReference; lastKnownFileType = text.xcconfig; path = CommonCrypto.xcconfig; sourceTree = "<group>"; };
		42CE79EB1E8DF31900834C18 /* iphoneos.modulemap */ = {isa = PBXFileReference; fileEncoding = 4; lastKnownFileType = "sourcecode.module-map"; path = iphoneos.modulemap; sourceTree = "<group>"; };
		42CE79EC1E8DF33400834C18 /* iphonesimulator.modulemap */ = {isa = PBXFileReference; fileEncoding = 4; lastKnownFileType = "sourcecode.module-map"; path = iphonesimulator.modulemap; sourceTree = "<group>"; };
		42CE79FD1E8DFB2E00834C18 /* Screen.swift */ = {isa = PBXFileReference; fileEncoding = 4; lastKnownFileType = sourcecode.swift; path = Screen.swift; sourceTree = "<group>"; };
		42CE79FF1E8DFED300834C18 /* Logger.swift */ = {isa = PBXFileReference; fileEncoding = 4; lastKnownFileType = sourcecode.swift; path = Logger.swift; sourceTree = "<group>"; };
		42DB4BDE1E9C6BBE00243EC4 /* Math.swift */ = {isa = PBXFileReference; fileEncoding = 4; lastKnownFileType = sourcecode.swift; path = Math.swift; sourceTree = "<group>"; };
		42F43DC31E926BAE00F30C95 /* System.swift */ = {isa = PBXFileReference; fileEncoding = 4; lastKnownFileType = sourcecode.swift; path = System.swift; sourceTree = "<group>"; };
/* End PBXFileReference section */

/* Begin PBXFrameworksBuildPhase section */
		42CE79BE1E8DEB3A00834C18 /* Frameworks */ = {
			isa = PBXFrameworksBuildPhase;
			buildActionMask = 2147483647;
			files = (
			);
			runOnlyForDeploymentPostprocessing = 0;
		};
		42CE79C81E8DEB3A00834C18 /* Frameworks */ = {
			isa = PBXFrameworksBuildPhase;
			buildActionMask = 2147483647;
			files = (
				42CE79CC1E8DEB3A00834C18 /* DarkSwift.framework in Frameworks */,
			);
			runOnlyForDeploymentPostprocessing = 0;
		};
		42CE79DE1E8DF0EE00834C18 /* Frameworks */ = {
			isa = PBXFrameworksBuildPhase;
			buildActionMask = 2147483647;
			files = (
			);
			runOnlyForDeploymentPostprocessing = 0;
		};
/* End PBXFrameworksBuildPhase section */

/* Begin PBXGroup section */
		42256D3D1F16FFED0043BD5A /* Extension */ = {
			isa = PBXGroup;
			children = (
				42256D3E1F16FFED0043BD5A /* CALayer.swift */,
				42256D3F1F16FFED0043BD5A /* Collection.swift */,
				42256D401F16FFED0043BD5A /* CoreGraphics.swift */,
				42256D411F16FFED0043BD5A /* Data.swift */,
				42256D421F16FFED0043BD5A /* NSObject.swift */,
				42256D431F16FFED0043BD5A /* SKNode.swift */,
				42256D441F16FFED0043BD5A /* String.swift */,
				42256D451F16FFED0043BD5A /* UIButton.swift */,
				42256D461F16FFED0043BD5A /* UIColor.swift */,
				42256D471F16FFED0043BD5A /* UIImage.swift */,
				42256D481F16FFED0043BD5A /* UINavigationController.swift */,
				4295CC001F25F08B005238CE /* UINavigationBar.swift */,
				42256D491F16FFED0043BD5A /* UIView.swift */,
				42256D4A1F16FFED0043BD5A /* URL.swift */,
				421BDDA01F1F9B30003976B7 /* Bundle.swift */,
			);
			path = Extension;
			sourceTree = "<group>";
		};
		42256D4B1F16FFED0043BD5A /* Subclass */ = {
			isa = PBXGroup;
			children = (
				421BDDA21F1F9D5A003976B7 /* MultiContentButton.swift */,
				42256D591F1700000043BD5A /* TransitionViewController.swift */,
			);
			path = Subclass;
			sourceTree = "<group>";
		};
		42CE79B81E8DEB3A00834C18 = {
			isa = PBXGroup;
			children = (
				42CE79C41E8DEB3A00834C18 /* Source */,
				42CE79CF1E8DEB3A00834C18 /* Tests */,
				42CE79E31E8DF0EE00834C18 /* CommonCrypto */,
				42CE79C31E8DEB3A00834C18 /* Products */,
			);
			sourceTree = "<group>";
		};
		42CE79C31E8DEB3A00834C18 /* Products */ = {
			isa = PBXGroup;
			children = (
				42CE79C21E8DEB3A00834C18 /* DarkSwift.framework */,
				42CE79CB1E8DEB3A00834C18 /* DarkSwiftTests.xctest */,
				42CE79E21E8DF0EE00834C18 /* CommonCrypto.framework */,
			);
			name = Products;
			sourceTree = "<group>";
		};
		42CE79C41E8DEB3A00834C18 /* Source */ = {
			isa = PBXGroup;
			children = (
				42256D3D1F16FFED0043BD5A /* Extension */,
				42256D4B1F16FFED0043BD5A /* Subclass */,
				42CE79FC1E8DFB2E00834C18 /* Foundation */,
				42CE79C51E8DEB3A00834C18 /* DarkSwift.h */,
				42CE79C61E8DEB3A00834C18 /* Info.plist */,
			);
			path = Source;
			sourceTree = "<group>";
		};
		42CE79CF1E8DEB3A00834C18 /* Tests */ = {
			isa = PBXGroup;
			children = (
				42CE79D01E8DEB3A00834C18 /* DarkSwiftTests.swift */,
				42CE79D21E8DEB3A00834C18 /* Info.plist */,
			);
			path = Tests;
			sourceTree = "<group>";
		};
		42CE79E31E8DF0EE00834C18 /* CommonCrypto */ = {
			isa = PBXGroup;
			children = (
				42CE79E41E8DF0EE00834C18 /* CommonCrypto.h */,
				42CE79E51E8DF0EE00834C18 /* Info.plist */,
				42CE79EA1E8DF2E600834C18 /* CommonCrypto.xcconfig */,
				42CE79EB1E8DF31900834C18 /* iphoneos.modulemap */,
				42CE79EC1E8DF33400834C18 /* iphonesimulator.modulemap */,
			);
			path = CommonCrypto;
			sourceTree = "<group>";
		};
		42CE79FC1E8DFB2E00834C18 /* Foundation */ = {
			isa = PBXGroup;
			children = (
				42DB4BDE1E9C6BBE00243EC4 /* Math.swift */,
				42F43DC31E926BAE00F30C95 /* System.swift */,
				42CE79FD1E8DFB2E00834C18 /* Screen.swift */,
				42CE79FF1E8DFED300834C18 /* Logger.swift */,
				423FC4B51E908CEF009E1008 /* Layout.swift */,
				42C225831F11C91E002AC779 /* Selectable.swift */,
			);
			name = Foundation;
			path = Source/Foundation;
			sourceTree = SOURCE_ROOT;
		};
/* End PBXGroup section */

/* Begin PBXHeadersBuildPhase section */
		42CE79BF1E8DEB3A00834C18 /* Headers */ = {
			isa = PBXHeadersBuildPhase;
			buildActionMask = 2147483647;
			files = (
				42CE79D31E8DEB3A00834C18 /* DarkSwift.h in Headers */,
			);
			runOnlyForDeploymentPostprocessing = 0;
		};
		42CE79DF1E8DF0EE00834C18 /* Headers */ = {
			isa = PBXHeadersBuildPhase;
			buildActionMask = 2147483647;
			files = (
				42CE79E61E8DF0EE00834C18 /* CommonCrypto.h in Headers */,
			);
			runOnlyForDeploymentPostprocessing = 0;
		};
/* End PBXHeadersBuildPhase section */

/* Begin PBXNativeTarget section */
		42CE79C11E8DEB3A00834C18 /* DarkSwift */ = {
			isa = PBXNativeTarget;
			buildConfigurationList = 42CE79D61E8DEB3A00834C18 /* Build configuration list for PBXNativeTarget "DarkSwift" */;
			buildPhases = (
				42CE79BD1E8DEB3A00834C18 /* Sources */,
				42CE79BE1E8DEB3A00834C18 /* Frameworks */,
				42CE79BF1E8DEB3A00834C18 /* Headers */,
				42CE79C01E8DEB3A00834C18 /* Resources */,
			);
			buildRules = (
			);
			dependencies = (
				42CE79EE1E8DF39900834C18 /* PBXTargetDependency */,
			);
			name = DarkSwift;
			productName = DarkSwift;
			productReference = 42CE79C21E8DEB3A00834C18 /* DarkSwift.framework */;
			productType = "com.apple.product-type.framework";
		};
		42CE79CA1E8DEB3A00834C18 /* DarkSwiftTests */ = {
			isa = PBXNativeTarget;
			buildConfigurationList = 42CE79D91E8DEB3A00834C18 /* Build configuration list for PBXNativeTarget "DarkSwiftTests" */;
			buildPhases = (
				42CE79C71E8DEB3A00834C18 /* Sources */,
				42CE79C81E8DEB3A00834C18 /* Frameworks */,
				42CE79C91E8DEB3A00834C18 /* Resources */,
			);
			buildRules = (
			);
			dependencies = (
				42CE79CE1E8DEB3A00834C18 /* PBXTargetDependency */,
			);
			name = DarkSwiftTests;
			productName = DarkSwiftTests;
			productReference = 42CE79CB1E8DEB3A00834C18 /* DarkSwiftTests.xctest */;
			productType = "com.apple.product-type.bundle.unit-test";
		};
		42CE79E11E8DF0EE00834C18 /* CommonCrypto */ = {
			isa = PBXNativeTarget;
			buildConfigurationList = 42CE79E71E8DF0EE00834C18 /* Build configuration list for PBXNativeTarget "CommonCrypto" */;
			buildPhases = (
				42CE79DD1E8DF0EE00834C18 /* Sources */,
				42CE79DE1E8DF0EE00834C18 /* Frameworks */,
				42CE79DF1E8DF0EE00834C18 /* Headers */,
				42CE79E01E8DF0EE00834C18 /* Resources */,
			);
			buildRules = (
			);
			dependencies = (
			);
			name = CommonCrypto;
			productName = CommonCrypto;
			productReference = 42CE79E21E8DF0EE00834C18 /* CommonCrypto.framework */;
			productType = "com.apple.product-type.framework";
		};
/* End PBXNativeTarget section */

/* Begin PBXProject section */
		42CE79B91E8DEB3A00834C18 /* Project object */ = {
			isa = PBXProject;
			attributes = {
				LastSwiftUpdateCheck = 0830;
				LastUpgradeCheck = 0830;
				ORGANIZATIONNAME = "Dark Dong";
				TargetAttributes = {
					42CE79C11E8DEB3A00834C18 = {
						CreatedOnToolsVersion = 8.3;
						ProvisioningStyle = Automatic;
					};
					42CE79CA1E8DEB3A00834C18 = {
						CreatedOnToolsVersion = 8.3;
						ProvisioningStyle = Automatic;
					};
					42CE79E11E8DF0EE00834C18 = {
						CreatedOnToolsVersion = 8.3;
						ProvisioningStyle = Automatic;
					};
				};
			};
			buildConfigurationList = 42CE79BC1E8DEB3A00834C18 /* Build configuration list for PBXProject "DarkSwift" */;
			compatibilityVersion = "Xcode 3.2";
			developmentRegion = English;
			hasScannedForEncodings = 0;
			knownRegions = (
				en,
			);
			mainGroup = 42CE79B81E8DEB3A00834C18;
			productRefGroup = 42CE79C31E8DEB3A00834C18 /* Products */;
			projectDirPath = "";
			projectRoot = "";
			targets = (
				42CE79C11E8DEB3A00834C18 /* DarkSwift */,
				42CE79CA1E8DEB3A00834C18 /* DarkSwiftTests */,
				42CE79E11E8DF0EE00834C18 /* CommonCrypto */,
			);
		};
/* End PBXProject section */

/* Begin PBXResourcesBuildPhase section */
		42CE79C01E8DEB3A00834C18 /* Resources */ = {
			isa = PBXResourcesBuildPhase;
			buildActionMask = 2147483647;
			files = (
			);
			runOnlyForDeploymentPostprocessing = 0;
		};
		42CE79C91E8DEB3A00834C18 /* Resources */ = {
			isa = PBXResourcesBuildPhase;
			buildActionMask = 2147483647;
			files = (
			);
			runOnlyForDeploymentPostprocessing = 0;
		};
		42CE79E01E8DF0EE00834C18 /* Resources */ = {
			isa = PBXResourcesBuildPhase;
			buildActionMask = 2147483647;
			files = (
			);
			runOnlyForDeploymentPostprocessing = 0;
		};
/* End PBXResourcesBuildPhase section */

/* Begin PBXSourcesBuildPhase section */
		42CE79BD1E8DEB3A00834C18 /* Sources */ = {
			isa = PBXSourcesBuildPhase;
			buildActionMask = 2147483647;
			files = (
				42DB4BDF1E9C6BBE00243EC4 /* Math.swift in Sources */,
				421BDDA11F1F9B30003976B7 /* Bundle.swift in Sources */,
				42256D521F16FFED0043BD5A /* String.swift in Sources */,
				42256D501F16FFED0043BD5A /* NSObject.swift in Sources */,
				42256D5A1F1700000043BD5A /* TransitionViewController.swift in Sources */,
				42256D4F1F16FFED0043BD5A /* Data.swift in Sources */,
				42256D541F16FFED0043BD5A /* UIColor.swift in Sources */,
				42CE79FE1E8DFB2E00834C18 /* Screen.swift in Sources */,
				42256D581F16FFED0043BD5A /* URL.swift in Sources */,
				42F43DC41E926BAE00F30C95 /* System.swift in Sources */,
				423FC4B61E908CEF009E1008 /* Layout.swift in Sources */,
				42256D4E1F16FFED0043BD5A /* CoreGraphics.swift in Sources */,
				42256D551F16FFED0043BD5A /* UIImage.swift in Sources */,
				42256D511F16FFED0043BD5A /* SKNode.swift in Sources */,
				42256D4C1F16FFED0043BD5A /* CALayer.swift in Sources */,
				421BDDA31F1F9D5A003976B7 /* MultiContentButton.swift in Sources */,
				42C225841F11C91E002AC779 /* Selectable.swift in Sources */,
				4295CC011F25F08B005238CE /* UINavigationBar.swift in Sources */,
				42256D531F16FFED0043BD5A /* UIButton.swift in Sources */,
				42CE7A011E8DFED300834C18 /* Logger.swift in Sources */,
				42256D561F16FFED0043BD5A /* UINavigationController.swift in Sources */,
				42256D571F16FFED0043BD5A /* UIView.swift in Sources */,
				42256D4D1F16FFED0043BD5A /* Collection.swift in Sources */,
			);
			runOnlyForDeploymentPostprocessing = 0;
		};
		42CE79C71E8DEB3A00834C18 /* Sources */ = {
			isa = PBXSourcesBuildPhase;
			buildActionMask = 2147483647;
			files = (
				42CE79D11E8DEB3A00834C18 /* DarkSwiftTests.swift in Sources */,
			);
			runOnlyForDeploymentPostprocessing = 0;
		};
		42CE79DD1E8DF0EE00834C18 /* Sources */ = {
			isa = PBXSourcesBuildPhase;
			buildActionMask = 2147483647;
			files = (
			);
			runOnlyForDeploymentPostprocessing = 0;
		};
/* End PBXSourcesBuildPhase section */

/* Begin PBXTargetDependency section */
		42CE79CE1E8DEB3A00834C18 /* PBXTargetDependency */ = {
			isa = PBXTargetDependency;
			target = 42CE79C11E8DEB3A00834C18 /* DarkSwift */;
			targetProxy = 42CE79CD1E8DEB3A00834C18 /* PBXContainerItemProxy */;
		};
		42CE79EE1E8DF39900834C18 /* PBXTargetDependency */ = {
			isa = PBXTargetDependency;
			target = 42CE79E11E8DF0EE00834C18 /* CommonCrypto */;
			targetProxy = 42CE79ED1E8DF39900834C18 /* PBXContainerItemProxy */;
		};
/* End PBXTargetDependency section */

/* Begin XCBuildConfiguration section */
		42CE79D41E8DEB3A00834C18 /* Debug */ = {
			isa = XCBuildConfiguration;
			buildSettings = {
				ALWAYS_SEARCH_USER_PATHS = NO;
				CLANG_ANALYZER_NONNULL = YES;
				CLANG_ANALYZER_NUMBER_OBJECT_CONVERSION = YES_AGGRESSIVE;
				CLANG_CXX_LANGUAGE_STANDARD = "gnu++0x";
				CLANG_CXX_LIBRARY = "libc++";
				CLANG_ENABLE_MODULES = YES;
				CLANG_ENABLE_OBJC_ARC = YES;
				CLANG_WARN_BOOL_CONVERSION = YES;
				CLANG_WARN_CONSTANT_CONVERSION = YES;
				CLANG_WARN_DIRECT_OBJC_ISA_USAGE = YES_ERROR;
				CLANG_WARN_DOCUMENTATION_COMMENTS = YES;
				CLANG_WARN_EMPTY_BODY = YES;
				CLANG_WARN_ENUM_CONVERSION = YES;
				CLANG_WARN_INFINITE_RECURSION = YES;
				CLANG_WARN_INT_CONVERSION = YES;
				CLANG_WARN_OBJC_ROOT_CLASS = YES_ERROR;
				CLANG_WARN_SUSPICIOUS_MOVE = YES;
				CLANG_WARN_UNREACHABLE_CODE = YES;
				CLANG_WARN__DUPLICATE_METHOD_MATCH = YES;
				"CODE_SIGN_IDENTITY[sdk=iphoneos*]" = "iPhone Developer";
				COPY_PHASE_STRIP = NO;
				CURRENT_PROJECT_VERSION = 1;
				DEBUG_INFORMATION_FORMAT = dwarf;
				ENABLE_STRICT_OBJC_MSGSEND = YES;
				ENABLE_TESTABILITY = YES;
				GCC_C_LANGUAGE_STANDARD = gnu99;
				GCC_DYNAMIC_NO_PIC = NO;
				GCC_NO_COMMON_BLOCKS = YES;
				GCC_OPTIMIZATION_LEVEL = 0;
				GCC_PREPROCESSOR_DEFINITIONS = (
					"DEBUG=1",
					"$(inherited)",
				);
				GCC_WARN_64_TO_32_BIT_CONVERSION = YES;
				GCC_WARN_ABOUT_RETURN_TYPE = YES_ERROR;
				GCC_WARN_UNDECLARED_SELECTOR = YES;
				GCC_WARN_UNINITIALIZED_AUTOS = YES_AGGRESSIVE;
				GCC_WARN_UNUSED_FUNCTION = YES;
				GCC_WARN_UNUSED_VARIABLE = YES;
				IPHONEOS_DEPLOYMENT_TARGET = 9.0;
				MTL_ENABLE_DEBUG_INFO = YES;
				ONLY_ACTIVE_ARCH = YES;
				SDKROOT = iphoneos;
				SWIFT_ACTIVE_COMPILATION_CONDITIONS = DEBUG;
				SWIFT_OPTIMIZATION_LEVEL = "-Onone";
				TARGETED_DEVICE_FAMILY = "1,2";
				VERSIONING_SYSTEM = "apple-generic";
				VERSION_INFO_PREFIX = "";
			};
			name = Debug;
		};
		42CE79D51E8DEB3A00834C18 /* Release */ = {
			isa = XCBuildConfiguration;
			buildSettings = {
				ALWAYS_SEARCH_USER_PATHS = NO;
				CLANG_ANALYZER_NONNULL = YES;
				CLANG_ANALYZER_NUMBER_OBJECT_CONVERSION = YES_AGGRESSIVE;
				CLANG_CXX_LANGUAGE_STANDARD = "gnu++0x";
				CLANG_CXX_LIBRARY = "libc++";
				CLANG_ENABLE_MODULES = YES;
				CLANG_ENABLE_OBJC_ARC = YES;
				CLANG_WARN_BOOL_CONVERSION = YES;
				CLANG_WARN_CONSTANT_CONVERSION = YES;
				CLANG_WARN_DIRECT_OBJC_ISA_USAGE = YES_ERROR;
				CLANG_WARN_DOCUMENTATION_COMMENTS = YES;
				CLANG_WARN_EMPTY_BODY = YES;
				CLANG_WARN_ENUM_CONVERSION = YES;
				CLANG_WARN_INFINITE_RECURSION = YES;
				CLANG_WARN_INT_CONVERSION = YES;
				CLANG_WARN_OBJC_ROOT_CLASS = YES_ERROR;
				CLANG_WARN_SUSPICIOUS_MOVE = YES;
				CLANG_WARN_UNREACHABLE_CODE = YES;
				CLANG_WARN__DUPLICATE_METHOD_MATCH = YES;
				"CODE_SIGN_IDENTITY[sdk=iphoneos*]" = "iPhone Developer";
				COPY_PHASE_STRIP = NO;
				CURRENT_PROJECT_VERSION = 1;
				DEBUG_INFORMATION_FORMAT = "dwarf-with-dsym";
				ENABLE_NS_ASSERTIONS = NO;
				ENABLE_STRICT_OBJC_MSGSEND = YES;
				GCC_C_LANGUAGE_STANDARD = gnu99;
				GCC_NO_COMMON_BLOCKS = YES;
				GCC_WARN_64_TO_32_BIT_CONVERSION = YES;
				GCC_WARN_ABOUT_RETURN_TYPE = YES_ERROR;
				GCC_WARN_UNDECLARED_SELECTOR = YES;
				GCC_WARN_UNINITIALIZED_AUTOS = YES_AGGRESSIVE;
				GCC_WARN_UNUSED_FUNCTION = YES;
				GCC_WARN_UNUSED_VARIABLE = YES;
				IPHONEOS_DEPLOYMENT_TARGET = 9.0;
				MTL_ENABLE_DEBUG_INFO = NO;
				SDKROOT = iphoneos;
				SWIFT_OPTIMIZATION_LEVEL = "-Owholemodule";
				TARGETED_DEVICE_FAMILY = "1,2";
				VALIDATE_PRODUCT = YES;
				VERSIONING_SYSTEM = "apple-generic";
				VERSION_INFO_PREFIX = "";
			};
			name = Release;
		};
		42CE79D71E8DEB3A00834C18 /* Debug */ = {
			isa = XCBuildConfiguration;
			buildSettings = {
				CODE_SIGN_IDENTITY = "";
				DEFINES_MODULE = YES;
				DYLIB_COMPATIBILITY_VERSION = 1;
				DYLIB_CURRENT_VERSION = 1;
				DYLIB_INSTALL_NAME_BASE = "@rpath";
				INFOPLIST_FILE = "$(SRCROOT)/Source/Info.plist";
				INSTALL_PATH = "$(LOCAL_LIBRARY_DIR)/Frameworks";
				IPHONEOS_DEPLOYMENT_TARGET = 8.0;
				LD_RUNPATH_SEARCH_PATHS = "$(inherited) @executable_path/Frameworks @loader_path/Frameworks";
				PRODUCT_BUNDLE_IDENTIFIER = com.darkdong.DarkSwift;
				PRODUCT_NAME = "$(TARGET_NAME)";
				SKIP_INSTALL = YES;
				SWIFT_VERSION = 3.0;
			};
			name = Debug;
		};
		42CE79D81E8DEB3A00834C18 /* Release */ = {
			isa = XCBuildConfiguration;
			buildSettings = {
				CODE_SIGN_IDENTITY = "";
				DEFINES_MODULE = YES;
				DYLIB_COMPATIBILITY_VERSION = 1;
				DYLIB_CURRENT_VERSION = 1;
				DYLIB_INSTALL_NAME_BASE = "@rpath";
				INFOPLIST_FILE = "$(SRCROOT)/Source/Info.plist";
				INSTALL_PATH = "$(LOCAL_LIBRARY_DIR)/Frameworks";
				IPHONEOS_DEPLOYMENT_TARGET = 8.0;
				LD_RUNPATH_SEARCH_PATHS = "$(inherited) @executable_path/Frameworks @loader_path/Frameworks";
				PRODUCT_BUNDLE_IDENTIFIER = com.darkdong.DarkSwift;
				PRODUCT_NAME = "$(TARGET_NAME)";
				SKIP_INSTALL = YES;
				SWIFT_VERSION = 3.0;
			};
			name = Release;
		};
		42CE79DA1E8DEB3A00834C18 /* Debug */ = {
			isa = XCBuildConfiguration;
			buildSettings = {
				ALWAYS_EMBED_SWIFT_STANDARD_LIBRARIES = YES;
				INFOPLIST_FILE = Tests/Info.plist;
				LD_RUNPATH_SEARCH_PATHS = "$(inherited) @executable_path/Frameworks @loader_path/Frameworks";
				PRODUCT_BUNDLE_IDENTIFIER = com.darkdong.DarkSwiftTests;
				PRODUCT_NAME = "$(TARGET_NAME)";
				SWIFT_VERSION = 3.0;
			};
			name = Debug;
		};
		42CE79DB1E8DEB3A00834C18 /* Release */ = {
			isa = XCBuildConfiguration;
			buildSettings = {
				ALWAYS_EMBED_SWIFT_STANDARD_LIBRARIES = YES;
				INFOPLIST_FILE = Tests/Info.plist;
				LD_RUNPATH_SEARCH_PATHS = "$(inherited) @executable_path/Frameworks @loader_path/Frameworks";
				PRODUCT_BUNDLE_IDENTIFIER = com.darkdong.DarkSwiftTests;
				PRODUCT_NAME = "$(TARGET_NAME)";
				SWIFT_VERSION = 3.0;
			};
			name = Release;
		};
		42CE79E81E8DF0EE00834C18 /* Debug */ = {
			isa = XCBuildConfiguration;
			baseConfigurationReference = 42CE79EA1E8DF2E600834C18 /* CommonCrypto.xcconfig */;
			buildSettings = {
				CODE_SIGN_IDENTITY = "";
				DEFINES_MODULE = YES;
				DYLIB_COMPATIBILITY_VERSION = 1;
				DYLIB_CURRENT_VERSION = 1;
				DYLIB_INSTALL_NAME_BASE = "@rpath";
				INFOPLIST_FILE = CommonCrypto/Info.plist;
				INSTALL_PATH = "$(LOCAL_LIBRARY_DIR)/Frameworks";
				IPHONEOS_DEPLOYMENT_TARGET = 10.3;
				LD_RUNPATH_SEARCH_PATHS = "$(inherited) @executable_path/Frameworks @loader_path/Frameworks";
				PRODUCT_BUNDLE_IDENTIFIER = com.darkdong.CommonCrypto;
				PRODUCT_NAME = "$(TARGET_NAME)";
				SKIP_INSTALL = YES;
				SWIFT_VERSION = 3.0;
			};
			name = Debug;
		};
		42CE79E91E8DF0EE00834C18 /* Release */ = {
			isa = XCBuildConfiguration;
			baseConfigurationReference = 42CE79EA1E8DF2E600834C18 /* CommonCrypto.xcconfig */;
			buildSettings = {
				CODE_SIGN_IDENTITY = "";
				DEFINES_MODULE = YES;
				DYLIB_COMPATIBILITY_VERSION = 1;
				DYLIB_CURRENT_VERSION = 1;
				DYLIB_INSTALL_NAME_BASE = "@rpath";
				INFOPLIST_FILE = CommonCrypto/Info.plist;
				INSTALL_PATH = "$(LOCAL_LIBRARY_DIR)/Frameworks";
				IPHONEOS_DEPLOYMENT_TARGET = 10.3;
				LD_RUNPATH_SEARCH_PATHS = "$(inherited) @executable_path/Frameworks @loader_path/Frameworks";
				PRODUCT_BUNDLE_IDENTIFIER = com.darkdong.CommonCrypto;
				PRODUCT_NAME = "$(TARGET_NAME)";
				SKIP_INSTALL = YES;
				SWIFT_VERSION = 3.0;
			};
			name = Release;
		};
/* End XCBuildConfiguration section */

/* Begin XCConfigurationList section */
		42CE79BC1E8DEB3A00834C18 /* Build configuration list for PBXProject "DarkSwift" */ = {
			isa = XCConfigurationList;
			buildConfigurations = (
				42CE79D41E8DEB3A00834C18 /* Debug */,
				42CE79D51E8DEB3A00834C18 /* Release */,
			);
			defaultConfigurationIsVisible = 0;
			defaultConfigurationName = Release;
		};
		42CE79D61E8DEB3A00834C18 /* Build configuration list for PBXNativeTarget "DarkSwift" */ = {
			isa = XCConfigurationList;
			buildConfigurations = (
				42CE79D71E8DEB3A00834C18 /* Debug */,
				42CE79D81E8DEB3A00834C18 /* Release */,
			);
			defaultConfigurationIsVisible = 0;
			defaultConfigurationName = Release;
		};
		42CE79D91E8DEB3A00834C18 /* Build configuration list for PBXNativeTarget "DarkSwiftTests" */ = {
			isa = XCConfigurationList;
			buildConfigurations = (
				42CE79DA1E8DEB3A00834C18 /* Debug */,
				42CE79DB1E8DEB3A00834C18 /* Release */,
			);
			defaultConfigurationIsVisible = 0;
			defaultConfigurationName = Release;
		};
		42CE79E71E8DF0EE00834C18 /* Build configuration list for PBXNativeTarget "CommonCrypto" */ = {
			isa = XCConfigurationList;
			buildConfigurations = (
				42CE79E81E8DF0EE00834C18 /* Debug */,
				42CE79E91E8DF0EE00834C18 /* Release */,
			);
			defaultConfigurationIsVisible = 0;
			defaultConfigurationName = Release;
		};
/* End XCConfigurationList section */
	};
	rootObject = 42CE79B91E8DEB3A00834C18 /* Project object */;
}
